
Microsoft Visual Studio Solution File, Format Version 11.00
# Visual Studio 2010
Project("{FAE04EC0-301F-11D3-BF4B-00C04F79EFBC}") = "TelosbConfig", "TelosbConfig\TelosbConfig.csproj", "{5BF473F4-1C30-4C4C-9949-70AC3A643551}"
EndProject
Global
	GlobalSection(SolutionConfigurationPlatforms) = preSolution
		Debug|x86 = Debug|x86
		Release|x86 = Release|x86
	EndGlobalSection
	GlobalSection(ProjectConfigurationPlatforms) = postSolution
		{5BF473F4-1C30-4C4C-9949-70AC3A643551}.Debug|x86.ActiveCfg = Debug|x86
		{5BF473F4-1C30-4C4C-9949-70AC3A643551}.Debug|x86.Build.0 = Debug|x86
		{5BF473F4-1C30-4C4C-9949-70AC3A643551}.Release|x86.ActiveCfg = Release|x86
		{5BF473F4-1C30-4C4C-9949-70AC3A643551}.Release|x86.Build.0 = Release|x86
	EndGlobalSection
	GlobalSection(SolutionProperties) = preSolution
		HideSolutionNode = FALSE
	EndGlobalSection
EndGlobal
